
Microsoft Visual Studio Solution File, Format Version 12.00
# Visual Studio Version 17
VisualStudioVersion = 17.0.31903.59
MinimumVisualStudioVersion = 10.0.40219.1
Project("{2150E333-8FDC-42A3-9474-1A3956D46DE8}") = "src", "src", "{827E0CD3-B72D-47B6-A68D-7590B98EB39B}"
EndProject
Project("{2150E333-8FDC-42A3-9474-1A3956D46DE8}") = "AppHost", "AppHost", "{63882A7C-90E5-DEE3-63BB-E6ABDBC8A365}"
EndProject
Project("{FAE04EC0-301F-11D3-BF4B-00C04F79EFBC}") = "SmartPaymentRouter.AppHost", "src\AppHost\SmartPaymentRouter.AppHost\SmartPaymentRouter.AppHost.csproj", "{AB7B11F1-6A43-41AD-9DB2-FBCBC64AECCE}"
EndProject
Project("{2150E333-8FDC-42A3-9474-1A3956D46DE8}") = "Services", "Services", "{984BB9B3-3FA3-BE33-9484-CAC21695A33C}"
EndProject
Project("{2150E333-8FDC-42A3-9474-1A3956D46DE8}") = "Router", "Router", "{BF6702D9-C751-D2CE-817A-E17A8AEFF82F}"
EndProject
Project("{FAE04EC0-301F-11D3-BF4B-00C04F79EFBC}") = "SmartPaymentRouter.Router.Api", "src\Services\Router\SmartPaymentRouter.Router.Api\SmartPaymentRouter.Router.Api.csproj", "{43E6056F-F7A2-4447-82EF-1E46E4CE9D3B}"
EndProject
Project("{2150E333-8FDC-42A3-9474-1A3956D46DE8}") = "Transactions", "Transactions", "{072D483E-2402-8FD4-E5BB-84C8DF898F2A}"
EndProject
Project("{FAE04EC0-301F-11D3-BF4B-00C04F79EFBC}") = "SmartPaymentRouter.Transactions.Api", "src\Services\Transactions\SmartPaymentRouter.Transactions.Api\SmartPaymentRouter.Transactions.Api.csproj", "{4F81E2E4-7C46-46EF-BF4A-11F4AB1E0557}"
EndProject
Project("{2150E333-8FDC-42A3-9474-1A3956D46DE8}") = "ServiceDefaults", "ServiceDefaults", "{5FC1494C-0D8C-79D1-FFF2-37E95F57AB9F}"
EndProject
Project("{FAE04EC0-301F-11D3-BF4B-00C04F79EFBC}") = "SmartPaymentRouter.ServiceDefaults", "src\ServiceDefaults\SmartPaymentRouter.ServiceDefaults\SmartPaymentRouter.ServiceDefaults.csproj", "{2C8096A7-BDC1-49A6-8374-282ACDE2D166}"
EndProject
Global
	GlobalSection(SolutionConfigurationPlatforms) = preSolution
		Debug|Any CPU = Debug|Any CPU
		Debug|x64 = Debug|x64
		Debug|x86 = Debug|x86
		Release|Any CPU = Release|Any CPU
		Release|x64 = Release|x64
		Release|x86 = Release|x86
	EndGlobalSection
	GlobalSection(ProjectConfigurationPlatforms) = postSolution
		{AB7B11F1-6A43-41AD-9DB2-FBCBC64AECCE}.Debug|Any CPU.ActiveCfg = Debug|Any CPU
		{AB7B11F1-6A43-41AD-9DB2-FBCBC64AECCE}.Debug|Any CPU.Build.0 = Debug|Any CPU
		{AB7B11F1-6A43-41AD-9DB2-FBCBC64AECCE}.Debug|x64.ActiveCfg = Debug|Any CPU
		{AB7B11F1-6A43-41AD-9DB2-FBCBC64AECCE}.Debug|x64.Build.0 = Debug|Any CPU
		{AB7B11F1-6A43-41AD-9DB2-FBCBC64AECCE}.Debug|x86.ActiveCfg = Debug|Any CPU
		{AB7B11F1-6A43-41AD-9DB2-FBCBC64AECCE}.Debug|x86.Build.0 = Debug|Any CPU
		{AB7B11F1-6A43-41AD-9DB2-FBCBC64AECCE}.Release|Any CPU.ActiveCfg = Release|Any CPU
		{AB7B11F1-6A43-41AD-9DB2-FBCBC64AECCE}.Release|Any CPU.Build.0 = Release|Any CPU
		{AB7B11F1-6A43-41AD-9DB2-FBCBC64AECCE}.Release|x64.ActiveCfg = Release|Any CPU
		{AB7B11F1-6A43-41AD-9DB2-FBCBC64AECCE}.Release|x64.Build.0 = Release|Any CPU
		{AB7B11F1-6A43-41AD-9DB2-FBCBC64AECCE}.Release|x86.ActiveCfg = Release|Any CPU
		{AB7B11F1-6A43-41AD-9DB2-FBCBC64AECCE}.Release|x86.Build.0 = Release|Any CPU
		{43E6056F-F7A2-4447-82EF-1E46E4CE9D3B}.Debug|Any CPU.ActiveCfg = Debug|Any CPU
		{43E6056F-F7A2-4447-82EF-1E46E4CE9D3B}.Debug|Any CPU.Build.0 = Debug|Any CPU
		{43E6056F-F7A2-4447-82EF-1E46E4CE9D3B}.Debug|x64.ActiveCfg = Debug|Any CPU
		{43E6056F-F7A2-4447-82EF-1E46E4CE9D3B}.Debug|x64.Build.0 = Debug|Any CPU
		{43E6056F-F7A2-4447-82EF-1E46E4CE9D3B}.Debug|x86.ActiveCfg = Debug|Any CPU
		{43E6056F-F7A2-4447-82EF-1E46E4CE9D3B}.Debug|x86.Build.0 = Debug|Any CPU
		{43E6056F-F7A2-4447-82EF-1E46E4CE9D3B}.Release|Any CPU.ActiveCfg = Release|Any CPU
		{43E6056F-F7A2-4447-82EF-1E46E4CE9D3B}.Release|Any CPU.Build.0 = Release|Any CPU
		{43E6056F-F7A2-4447-82EF-1E46E4CE9D3B}.Release|x64.ActiveCfg = Release|Any CPU
		{43E6056F-F7A2-4447-82EF-1E46E4CE9D3B}.Release|x64.Build.0 = Release|Any CPU
		{43E6056F-F7A2-4447-82EF-1E46E4CE9D3B}.Release|x86.ActiveCfg = Release|Any CPU
		{43E6056F-F7A2-4447-82EF-1E46E4CE9D3B}.Release|x86.Build.0 = Release|Any CPU
		{4F81E2E4-7C46-46EF-BF4A-11F4AB1E0557}.Debug|Any CPU.ActiveCfg = Debug|Any CPU
		{4F81E2E4-7C46-46EF-BF4A-11F4AB1E0557}.Debug|Any CPU.Build.0 = Debug|Any CPU
		{4F81E2E4-7C46-46EF-BF4A-11F4AB1E0557}.Debug|x64.ActiveCfg = Debug|Any CPU
		{4F81E2E4-7C46-46EF-BF4A-11F4AB1E0557}.Debug|x64.Build.0 = Debug|Any CPU
		{4F81E2E4-7C46-46EF-BF4A-11F4AB1E0557}.Debug|x86.ActiveCfg = Debug|Any CPU
		{4F81E2E4-7C46-46EF-BF4A-11F4AB1E0557}.Debug|x86.Build.0 = Debug|Any CPU
		{4F81E2E4-7C46-46EF-BF4A-11F4AB1E0557}.Release|Any CPU.ActiveCfg = Release|Any CPU
		{4F81E2E4-7C46-46EF-BF4A-11F4AB1E0557}.Release|Any CPU.Build.0 = Release|Any CPU
		{4F81E2E4-7C46-46EF-BF4A-11F4AB1E0557}.Release|x64.ActiveCfg = Release|Any CPU
		{4F81E2E4-7C46-46EF-BF4A-11F4AB1E0557}.Release|x64.Build.0 = Release|Any CPU
		{4F81E2E4-7C46-46EF-BF4A-11F4AB1E0557}.Release|x86.ActiveCfg = Release|Any CPU
		{4F81E2E4-7C46-46EF-BF4A-11F4AB1E0557}.Release|x86.Build.0 = Release|Any CPU
		{2C8096A7-BDC1-49A6-8374-282ACDE2D166}.Debug|Any CPU.ActiveCfg = Debug|Any CPU
		{2C8096A7-BDC1-49A6-8374-282ACDE2D166}.Debug|Any CPU.Build.0 = Debug|Any CPU
		{2C8096A7-BDC1-49A6-8374-282ACDE2D166}.Debug|x64.ActiveCfg = Debug|Any CPU
		{2C8096A7-BDC1-49A6-8374-282ACDE2D166}.Debug|x64.Build.0 = Debug|Any CPU
		{2C8096A7-BDC1-49A6-8374-282ACDE2D166}.Debug|x86.ActiveCfg = Debug|Any CPU
		{2C8096A7-BDC1-49A6-8374-282ACDE2D166}.Debug|x86.Build.0 = Debug|Any CPU
		{2C8096A7-BDC1-49A6-8374-282ACDE2D166}.Release|Any CPU.ActiveCfg = Release|Any CPU
		{2C8096A7-BDC1-49A6-8374-282ACDE2D166}.Release|Any CPU.Build.0 = Release|Any CPU
		{2C8096A7-BDC1-49A6-8374-282ACDE2D166}.Release|x64.ActiveCfg = Release|Any CPU
		{2C8096A7-BDC1-49A6-8374-282ACDE2D166}.Release|x64.Build.0 = Release|Any CPU
		{2C8096A7-BDC1-49A6-8374-282ACDE2D166}.Release|x86.ActiveCfg = Release|Any CPU
		{2C8096A7-BDC1-49A6-8374-282ACDE2D166}.Release|x86.Build.0 = Release|Any CPU
	EndGlobalSection
	GlobalSection(SolutionProperties) = preSolution
		HideSolutionNode = FALSE
	EndGlobalSection
	GlobalSection(NestedProjects) = preSolution
		{63882A7C-90E5-DEE3-63BB-E6ABDBC8A365} = {827E0CD3-B72D-47B6-A68D-7590B98EB39B}
		{AB7B11F1-6A43-41AD-9DB2-FBCBC64AECCE} = {63882A7C-90E5-DEE3-63BB-E6ABDBC8A365}
		{984BB9B3-3FA3-BE33-9484-CAC21695A33C} = {827E0CD3-B72D-47B6-A68D-7590B98EB39B}
		{BF6702D9-C751-D2CE-817A-E17A8AEFF82F} = {984BB9B3-3FA3-BE33-9484-CAC21695A33C}
		{43E6056F-F7A2-4447-82EF-1E46E4CE9D3B} = {BF6702D9-C751-D2CE-817A-E17A8AEFF82F}
		{072D483E-2402-8FD4-E5BB-84C8DF898F2A} = {984BB9B3-3FA3-BE33-9484-CAC21695A33C}
		{4F81E2E4-7C46-46EF-BF4A-11F4AB1E0557} = {072D483E-2402-8FD4-E5BB-84C8DF898F2A}
		{5FC1494C-0D8C-79D1-FFF2-37E95F57AB9F} = {827E0CD3-B72D-47B6-A68D-7590B98EB39B}
		{2C8096A7-BDC1-49A6-8374-282ACDE2D166} = {5FC1494C-0D8C-79D1-FFF2-37E95F57AB9F}
	EndGlobalSection
EndGlobal
